// !$*UTF8*$!
{
	archiveVersion = 1;
	classes = {
	};
	objectVersion = 46;
	objects = {

/* Begin PBXBuildFile section */
		B658DCD3621CDDBF53FE337F /* Pods_AppStoreTest.framework in Frameworks */ = {isa = PBXBuildFile; fileRef = 6C47A4A1B279DA3878D7D895 /* Pods_AppStoreTest.framework */; };
		FA23725D1E57FB9800AEFBC2 /* AppListVC.swift in Sources */ = {isa = PBXBuildFile; fileRef = FA23725C1E57FB9800AEFBC2 /* AppListVC.swift */; };
		FA23725F1E57FBD100AEFBC2 /* AppDetailVC.swift in Sources */ = {isa = PBXBuildFile; fileRef = FA23725E1E57FBD100AEFBC2 /* AppDetailVC.swift */; };
		FA97A5D81E55161800F0CA3A /* AppDelegate.swift in Sources */ = {isa = PBXBuildFile; fileRef = FA97A5D71E55161800F0CA3A /* AppDelegate.swift */; };
		FA97A5DD1E55161800F0CA3A /* Main.storyboard in Resources */ = {isa = PBXBuildFile; fileRef = FA97A5DB1E55161800F0CA3A /* Main.storyboard */; };
		FA97A5E01E55161800F0CA3A /* AppStoreTest.xcdatamodeld in Sources */ = {isa = PBXBuildFile; fileRef = FA97A5DE1E55161800F0CA3A /* AppStoreTest.xcdatamodeld */; };
		FA97A5E21E55161800F0CA3A /* Assets.xcassets in Resources */ = {isa = PBXBuildFile; fileRef = FA97A5E11E55161800F0CA3A /* Assets.xcassets */; };
		FA97A5E51E55161800F0CA3A /* LaunchScreen.storyboard in Resources */ = {isa = PBXBuildFile; fileRef = FA97A5E31E55161800F0CA3A /* LaunchScreen.storyboard */; };
		FA97A5F11E5516D400F0CA3A /* RemoteService.swift in Sources */ = {isa = PBXBuildFile; fileRef = FA97A5F01E5516D400F0CA3A /* RemoteService.swift */; };
		FA97A5F31E551D7F00F0CA3A /* CategoryListVC.swift in Sources */ = {isa = PBXBuildFile; fileRef = FA97A5F21E551D7F00F0CA3A /* CategoryListVC.swift */; };
		FA97A5F51E55308100F0CA3A /* CategoryCell.swift in Sources */ = {isa = PBXBuildFile; fileRef = FA97A5F41E55308100F0CA3A /* CategoryCell.swift */; };
		FA97A5F71E554B4400F0CA3A /* CoreDataStack.swift in Sources */ = {isa = PBXBuildFile; fileRef = FA97A5F61E554B4400F0CA3A /* CoreDataStack.swift */; };
		FA97A5F91E554D5400F0CA3A /* LocalService.swift in Sources */ = {isa = PBXBuildFile; fileRef = FA97A5F81E554D5400F0CA3A /* LocalService.swift */; };
/* End PBXBuildFile section */

/* Begin PBXFileReference section */
		6C47A4A1B279DA3878D7D895 /* Pods_AppStoreTest.framework */ = {isa = PBXFileReference; explicitFileType = wrapper.framework; includeInIndex = 0; path = Pods_AppStoreTest.framework; sourceTree = BUILT_PRODUCTS_DIR; };
		D25A3CC3B4ECC48769CF5C23 /* Pods-AppStoreTest.debug.xcconfig */ = {isa = PBXFileReference; includeInIndex = 1; lastKnownFileType = text.xcconfig; name = "Pods-AppStoreTest.debug.xcconfig"; path = "Pods/Target Support Files/Pods-AppStoreTest/Pods-AppStoreTest.debug.xcconfig"; sourceTree = "<group>"; };
		F854EFB22D7CB755DF9260C9 /* Pods-AppStoreTest.release.xcconfig */ = {isa = PBXFileReference; includeInIndex = 1; lastKnownFileType = text.xcconfig; name = "Pods-AppStoreTest.release.xcconfig"; path = "Pods/Target Support Files/Pods-AppStoreTest/Pods-AppStoreTest.release.xcconfig"; sourceTree = "<group>"; };
		FA23725C1E57FB9800AEFBC2 /* AppListVC.swift */ = {isa = PBXFileReference; fileEncoding = 4; lastKnownFileType = sourcecode.swift; path = AppListVC.swift; sourceTree = "<group>"; };
		FA23725E1E57FBD100AEFBC2 /* AppDetailVC.swift */ = {isa = PBXFileReference; fileEncoding = 4; lastKnownFileType = sourcecode.swift; path = AppDetailVC.swift; sourceTree = "<group>"; };
		FA97A5D41E55161800F0CA3A /* AppStoreTest.app */ = {isa = PBXFileReference; explicitFileType = wrapper.application; includeInIndex = 0; path = AppStoreTest.app; sourceTree = BUILT_PRODUCTS_DIR; };
		FA97A5D71E55161800F0CA3A /* AppDelegate.swift */ = {isa = PBXFileReference; lastKnownFileType = sourcecode.swift; path = AppDelegate.swift; sourceTree = "<group>"; };
		FA97A5DC1E55161800F0CA3A /* Base */ = {isa = PBXFileReference; lastKnownFileType = file.storyboard; name = Base; path = Base.lproj/Main.storyboard; sourceTree = "<group>"; };
		FA97A5DF1E55161800F0CA3A /* AppStoreTest.xcdatamodel */ = {isa = PBXFileReference; lastKnownFileType = wrapper.xcdatamodel; path = AppStoreTest.xcdatamodel; sourceTree = "<group>"; };
		FA97A5E11E55161800F0CA3A /* Assets.xcassets */ = {isa = PBXFileReference; lastKnownFileType = folder.assetcatalog; path = Assets.xcassets; sourceTree = "<group>"; };
		FA97A5E41E55161800F0CA3A /* Base */ = {isa = PBXFileReference; lastKnownFileType = file.storyboard; name = Base; path = Base.lproj/LaunchScreen.storyboard; sourceTree = "<group>"; };
		FA97A5E61E55161800F0CA3A /* Info.plist */ = {isa = PBXFileReference; lastKnownFileType = text.plist.xml; path = Info.plist; sourceTree = "<group>"; };
		FA97A5F01E5516D400F0CA3A /* RemoteService.swift */ = {isa = PBXFileReference; fileEncoding = 4; lastKnownFileType = sourcecode.swift; path = RemoteService.swift; sourceTree = "<group>"; };
		FA97A5F21E551D7F00F0CA3A /* CategoryListVC.swift */ = {isa = PBXFileReference; fileEncoding = 4; lastKnownFileType = sourcecode.swift; path = CategoryListVC.swift; sourceTree = "<group>"; };
		FA97A5F41E55308100F0CA3A /* CategoryCell.swift */ = {isa = PBXFileReference; fileEncoding = 4; lastKnownFileType = sourcecode.swift; path = CategoryCell.swift; sourceTree = "<group>"; };
		FA97A5F61E554B4400F0CA3A /* CoreDataStack.swift */ = {isa = PBXFileReference; fileEncoding = 4; lastKnownFileType = sourcecode.swift; path = CoreDataStack.swift; sourceTree = "<group>"; };
		FA97A5F81E554D5400F0CA3A /* LocalService.swift */ = {isa = PBXFileReference; fileEncoding = 4; lastKnownFileType = sourcecode.swift; path = LocalService.swift; sourceTree = "<group>"; };
/* End PBXFileReference section */

/* Begin PBXFrameworksBuildPhase section */
		FA97A5D11E55161800F0CA3A /* Frameworks */ = {
			isa = PBXFrameworksBuildPhase;
			buildActionMask = 2147483647;
			files = (
				B658DCD3621CDDBF53FE337F /* Pods_AppStoreTest.framework in Frameworks */,
			);
			runOnlyForDeploymentPostprocessing = 0;
		};
/* End PBXFrameworksBuildPhase section */

/* Begin PBXGroup section */
		93AD727820D4B32ED297D49D /* Frameworks */ = {
			isa = PBXGroup;
			children = (
				6C47A4A1B279DA3878D7D895 /* Pods_AppStoreTest.framework */,
			);
			name = Frameworks;
			sourceTree = "<group>";
		};
		AC10E37838F12E7DB093D4F1 /* Pods */ = {
			isa = PBXGroup;
			children = (
				D25A3CC3B4ECC48769CF5C23 /* Pods-AppStoreTest.debug.xcconfig */,
				F854EFB22D7CB755DF9260C9 /* Pods-AppStoreTest.release.xcconfig */,
			);
			name = Pods;
			sourceTree = "<group>";
		};
		FA97A5CB1E55161700F0CA3A = {
			isa = PBXGroup;
			children = (
				FA97A5D61E55161800F0CA3A /* AppStoreTest */,
				FA97A5D51E55161800F0CA3A /* Products */,
				AC10E37838F12E7DB093D4F1 /* Pods */,
				93AD727820D4B32ED297D49D /* Frameworks */,
			);
			sourceTree = "<group>";
		};
		FA97A5D51E55161800F0CA3A /* Products */ = {
			isa = PBXGroup;
			children = (
				FA97A5D41E55161800F0CA3A /* AppStoreTest.app */,
			);
			name = Products;
			sourceTree = "<group>";
		};
		FA97A5D61E55161800F0CA3A /* AppStoreTest */ = {
			isa = PBXGroup;
			children = (
				FA97A5EF1E55165100F0CA3A /* Controller */,
				FA97A5EE1E55164B00F0CA3A /* Model */,
				FA97A5ED1E55162F00F0CA3A /* View */,
				FA97A5EC1E55162500F0CA3A /* Service */,
				FA97A5E61E55161800F0CA3A /* Info.plist */,
			);
			path = AppStoreTest;
			sourceTree = "<group>";
		};
		FA97A5EC1E55162500F0CA3A /* Service */ = {
			isa = PBXGroup;
			children = (
				FA97A5F01E5516D400F0CA3A /* RemoteService.swift */,
				FA97A5F61E554B4400F0CA3A /* CoreDataStack.swift */,
				FA97A5F81E554D5400F0CA3A /* LocalService.swift */,
			);
			name = Service;
			sourceTree = "<group>";
		};
		FA97A5ED1E55162F00F0CA3A /* View */ = {
			isa = PBXGroup;
			children = (
				FA97A5DB1E55161800F0CA3A /* Main.storyboard */,
				FA97A5E31E55161800F0CA3A /* LaunchScreen.storyboard */,
				FA97A5E11E55161800F0CA3A /* Assets.xcassets */,
			);
			name = View;
			sourceTree = "<group>";
		};
		FA97A5EE1E55164B00F0CA3A /* Model */ = {
			isa = PBXGroup;
			children = (
				FA97A5DE1E55161800F0CA3A /* AppStoreTest.xcdatamodeld */,
				FA97A5F41E55308100F0CA3A /* CategoryCell.swift */,
			);
			name = Model;
			sourceTree = "<group>";
		};
		FA97A5EF1E55165100F0CA3A /* Controller */ = {
			isa = PBXGroup;
			children = (
				FA97A5D71E55161800F0CA3A /* AppDelegate.swift */,
				FA97A5F21E551D7F00F0CA3A /* CategoryListVC.swift */,
				FA23725C1E57FB9800AEFBC2 /* AppListVC.swift */,
				FA23725E1E57FBD100AEFBC2 /* AppDetailVC.swift */,
			);
			name = Controller;
			sourceTree = "<group>";
		};
/* End PBXGroup section */

/* Begin PBXNativeTarget section */
		FA97A5D31E55161800F0CA3A /* AppStoreTest */ = {
			isa = PBXNativeTarget;
			buildConfigurationList = FA97A5E91E55161800F0CA3A /* Build configuration list for PBXNativeTarget "AppStoreTest" */;
			buildPhases = (
				507F9DACD09C8E40DF182C84 /* [CP] Check Pods Manifest.lock */,
				FA97A5D01E55161800F0CA3A /* Sources */,
				FA97A5D11E55161800F0CA3A /* Frameworks */,
				FA97A5D21E55161800F0CA3A /* Resources */,
				03C145EA7F8C71CF9CFC41FD /* [CP] Embed Pods Frameworks */,
				68DB56FC23202E5AF1BEA19D /* [CP] Copy Pods Resources */,
			);
			buildRules = (
			);
			dependencies = (
			);
			name = AppStoreTest;
			productName = AppStoreTest;
			productReference = FA97A5D41E55161800F0CA3A /* AppStoreTest.app */;
			productType = "com.apple.product-type.application";
		};
/* End PBXNativeTarget section */

/* Begin PBXProject section */
		FA97A5CC1E55161700F0CA3A /* Project object */ = {
			isa = PBXProject;
			attributes = {
				LastSwiftUpdateCheck = 0820;
				LastUpgradeCheck = 0820;
				ORGANIZATIONNAME = "Juan Manuel Jimenez Sanchez";
				TargetAttributes = {
					FA97A5D31E55161800F0CA3A = {
						CreatedOnToolsVersion = 8.2.1;
						ProvisioningStyle = Automatic;
					};
				};
			};
			buildConfigurationList = FA97A5CF1E55161700F0CA3A /* Build configuration list for PBXProject "AppStoreTest" */;
			compatibilityVersion = "Xcode 3.2";
			developmentRegion = English;
			hasScannedForEncodings = 0;
			knownRegions = (
				en,
				Base,
			);
			mainGroup = FA97A5CB1E55161700F0CA3A;
			productRefGroup = FA97A5D51E55161800F0CA3A /* Products */;
			projectDirPath = "";
			projectRoot = "";
			targets = (
				FA97A5D31E55161800F0CA3A /* AppStoreTest */,
			);
		};
/* End PBXProject section */

/* Begin PBXResourcesBuildPhase section */
		FA97A5D21E55161800F0CA3A /* Resources */ = {
			isa = PBXResourcesBuildPhase;
			buildActionMask = 2147483647;
			files = (
				FA97A5E51E55161800F0CA3A /* LaunchScreen.storyboard in Resources */,
				FA97A5E21E55161800F0CA3A /* Assets.xcassets in Resources */,
				FA97A5DD1E55161800F0CA3A /* Main.storyboard in Resources */,
			);
			runOnlyForDeploymentPostprocessing = 0;
		};
/* End PBXResourcesBuildPhase section */

/* Begin PBXShellScriptBuildPhase section */
		03C145EA7F8C71CF9CFC41FD /* [CP] Embed Pods Frameworks */ = {
			isa = PBXShellScriptBuildPhase;
			buildActionMask = 2147483647;
			files = (
			);
			inputPaths = (
			);
			name = "[CP] Embed Pods Frameworks";
			outputPaths = (
			);
			runOnlyForDeploymentPostprocessing = 0;
			shellPath = /bin/sh;
			shellScript = "\"${SRCROOT}/Pods/Target Support Files/Pods-AppStoreTest/Pods-AppStoreTest-frameworks.sh\"\n";
			showEnvVarsInLog = 0;
		};
		507F9DACD09C8E40DF182C84 /* [CP] Check Pods Manifest.lock */ = {
			isa = PBXShellScriptBuildPhase;
			buildActionMask = 2147483647;
			files = (
			);
			inputPaths = (
			);
			name = "[CP] Check Pods Manifest.lock";
			outputPaths = (
			);
			runOnlyForDeploymentPostprocessing = 0;
			shellPath = /bin/sh;
			shellScript = "diff \"${PODS_ROOT}/../Podfile.lock\" \"${PODS_ROOT}/Manifest.lock\" > /dev/null\nif [ $? != 0 ] ; then\n    # print error to STDERR\n    echo \"error: The sandbox is not in sync with the Podfile.lock. Run 'pod install' or update your CocoaPods installation.\" >&2\n    exit 1\nfi\n";
			showEnvVarsInLog = 0;
		};
		68DB56FC23202E5AF1BEA19D /* [CP] Copy Pods Resources */ = {
			isa = PBXShellScriptBuildPhase;
			buildActionMask = 2147483647;
			files = (
			);
			inputPaths = (
			);
			name = "[CP] Copy Pods Resources";
			outputPaths = (
			);
			runOnlyForDeploymentPostprocessing = 0;
			shellPath = /bin/sh;
			shellScript = "\"${SRCROOT}/Pods/Target Support Files/Pods-AppStoreTest/Pods-AppStoreTest-resources.sh\"\n";
			showEnvVarsInLog = 0;
		};
/* End PBXShellScriptBuildPhase section */

/* Begin PBXSourcesBuildPhase section */
		FA97A5D01E55161800F0CA3A /* Sources */ = {
			isa = PBXSourcesBuildPhase;
			buildActionMask = 2147483647;
			files = (
				FA23725D1E57FB9800AEFBC2 /* AppListVC.swift in Sources */,
				FA97A5E01E55161800F0CA3A /* AppStoreTest.xcdatamodeld in Sources */,
				FA97A5D81E55161800F0CA3A /* AppDelegate.swift in Sources */,
				FA97A5F31E551D7F00F0CA3A /* CategoryListVC.swift in Sources */,
				FA97A5F71E554B4400F0CA3A /* CoreDataStack.swift in Sources */,
				FA23725F1E57FBD100AEFBC2 /* AppDetailVC.swift in Sources */,
				FA97A5F11E5516D400F0CA3A /* RemoteService.swift in Sources */,
				FA97A5F91E554D5400F0CA3A /* LocalService.swift in Sources */,
				FA97A5F51E55308100F0CA3A /* CategoryCell.swift in Sources */,
			);
			runOnlyForDeploymentPostprocessing = 0;
		};
/* End PBXSourcesBuildPhase section */

/* Begin PBXVariantGroup section */
		FA97A5DB1E55161800F0CA3A /* Main.storyboard */ = {
			isa = PBXVariantGroup;
			children = (
				FA97A5DC1E55161800F0CA3A /* Base */,
			);
			name = Main.storyboard;
			sourceTree = "<group>";
		};
		FA97A5E31E55161800F0CA3A /* LaunchScreen.storyboard */ = {
			isa = PBXVariantGroup;
			children = (
				FA97A5E41E55161800F0CA3A /* Base */,
			);
			name = LaunchScreen.storyboard;
			sourceTree = "<group>";
		};
/* End PBXVariantGroup section */

/* Begin XCBuildConfiguration section */
		FA97A5E71E55161800F0CA3A /* Debug */ = {
			isa = XCBuildConfiguration;
			buildSettings = {
				ALWAYS_SEARCH_USER_PATHS = NO;
				CLANG_ANALYZER_NONNULL = YES;
				CLANG_CXX_LANGUAGE_STANDARD = "gnu++0x";
				CLANG_CXX_LIBRARY = "libc++";
				CLANG_ENABLE_MODULES = YES;
				CLANG_ENABLE_OBJC_ARC = YES;
				CLANG_WARN_BOOL_CONVERSION = YES;
				CLANG_WARN_CONSTANT_CONVERSION = YES;
				CLANG_WARN_DIRECT_OBJC_ISA_USAGE = YES_ERROR;
				CLANG_WARN_DOCUMENTATION_COMMENTS = YES;
				CLANG_WARN_EMPTY_BODY = YES;
				CLANG_WARN_ENUM_CONVERSION = YES;
				CLANG_WARN_INFINITE_RECURSION = YES;
				CLANG_WARN_INT_CONVERSION = YES;
				CLANG_WARN_OBJC_ROOT_CLASS = YES_ERROR;
				CLANG_WARN_SUSPICIOUS_MOVE = YES;
				CLANG_WARN_UNREACHABLE_CODE = YES;
				CLANG_WARN__DUPLICATE_METHOD_MATCH = YES;
				"CODE_SIGN_IDENTITY[sdk=iphoneos*]" = "iPhone Developer";
				COPY_PHASE_STRIP = NO;
				DEBUG_INFORMATION_FORMAT = dwarf;
				ENABLE_STRICT_OBJC_MSGSEND = YES;
				ENABLE_TESTABILITY = YES;
				GCC_C_LANGUAGE_STANDARD = gnu99;
				GCC_DYNAMIC_NO_PIC = NO;
				GCC_NO_COMMON_BLOCKS = YES;
				GCC_OPTIMIZATION_LEVEL = 0;
				GCC_PREPROCESSOR_DEFINITIONS = (
					"DEBUG=1",
					"$(inherited)",
				);
				GCC_WARN_64_TO_32_BIT_CONVERSION = YES;
				GCC_WARN_ABOUT_RETURN_TYPE = YES_ERROR;
				GCC_WARN_UNDECLARED_SELECTOR = YES;
				GCC_WARN_UNINITIALIZED_AUTOS = YES_AGGRESSIVE;
				GCC_WARN_UNUSED_FUNCTION = YES;
				GCC_WARN_UNUSED_VARIABLE = YES;
				IPHONEOS_DEPLOYMENT_TARGET = 10.2;
				MTL_ENABLE_DEBUG_INFO = YES;
				ONLY_ACTIVE_ARCH = YES;
				SDKROOT = iphoneos;
				SWIFT_ACTIVE_COMPILATION_CONDITIONS = DEBUG;
				SWIFT_OPTIMIZATION_LEVEL = "-Onone";
				TARGETED_DEVICE_FAMILY = "1,2";
			};
			name = Debug;
		};
		FA97A5E81E55161800F0CA3A /* Release */ = {
			isa = XCBuildConfiguration;
			buildSettings = {
				ALWAYS_SEARCH_USER_PATHS = NO;
				CLANG_ANALYZER_NONNULL = YES;
				CLANG_CXX_LANGUAGE_STANDARD = "gnu++0x";
				CLANG_CXX_LIBRARY = "libc++";
				CLANG_ENABLE_MODULES = YES;
				CLANG_ENABLE_OBJC_ARC = YES;
				CLANG_WARN_BOOL_CONVERSION = YES;
				CLANG_WARN_CONSTANT_CONVERSION = YES;
				CLANG_WARN_DIRECT_OBJC_ISA_USAGE = YES_ERROR;
				CLANG_WARN_DOCUMENTATION_COMMENTS = YES;
				CLANG_WARN_EMPTY_BODY = YES;
				CLANG_WARN_ENUM_CONVERSION = YES;
				CLANG_WARN_INFINITE_RECURSION = YES;
				CLANG_WARN_INT_CONVERSION = YES;
				CLANG_WARN_OBJC_ROOT_CLASS = YES_ERROR;
				CLANG_WARN_SUSPICIOUS_MOVE = YES;
				CLANG_WARN_UNREACHABLE_CODE = YES;
				CLANG_WARN__DUPLICATE_METHOD_MATCH = YES;
				"CODE_SIGN_IDENTITY[sdk=iphoneos*]" = "iPhone Developer";
				COPY_PHASE_STRIP = NO;
				DEBUG_INFORMATION_FORMAT = "dwarf-with-dsym";
				ENABLE_NS_ASSERTIONS = NO;
				ENABLE_STRICT_OBJC_MSGSEND = YES;
				GCC_C_LANGUAGE_STANDARD = gnu99;
				GCC_NO_COMMON_BLOCKS = YES;
				GCC_WARN_64_TO_32_BIT_CONVERSION = YES;
				GCC_WARN_ABOUT_RETURN_TYPE = YES_ERROR;
				GCC_WARN_UNDECLARED_SELECTOR = YES;
				GCC_WARN_UNINITIALIZED_AUTOS = YES_AGGRESSIVE;
				GCC_WARN_UNUSED_FUNCTION = YES;
				GCC_WARN_UNUSED_VARIABLE = YES;
				IPHONEOS_DEPLOYMENT_TARGET = 10.2;
				MTL_ENABLE_DEBUG_INFO = NO;
				SDKROOT = iphoneos;
				SWIFT_OPTIMIZATION_LEVEL = "-Owholemodule";
				TARGETED_DEVICE_FAMILY = "1,2";
				VALIDATE_PRODUCT = YES;
			};
			name = Release;
		};
		FA97A5EA1E55161800F0CA3A /* Debug */ = {
			isa = XCBuildConfiguration;
			baseConfigurationReference = D25A3CC3B4ECC48769CF5C23 /* Pods-AppStoreTest.debug.xcconfig */;
			buildSettings = {
				ASSETCATALOG_COMPILER_APPICON_NAME = AppIcon;
				INFOPLIST_FILE = AppStoreTest/Info.plist;
				LD_RUNPATH_SEARCH_PATHS = "$(inherited) @executable_path/Frameworks";
				PRODUCT_BUNDLE_IDENTIFIER = com.juanmjimenezs.AppStoreTest;
				PRODUCT_NAME = "$(TARGET_NAME)";
				SWIFT_VERSION = 3.0;
			};
			name = Debug;
		};
		FA97A5EB1E55161800F0CA3A /* Release */ = {
			isa = XCBuildConfiguration;
			baseConfigurationReference = F854EFB22D7CB755DF9260C9 /* Pods-AppStoreTest.release.xcconfig */;
			buildSettings = {
				ASSETCATALOG_COMPILER_APPICON_NAME = AppIcon;
				INFOPLIST_FILE = AppStoreTest/Info.plist;
				LD_RUNPATH_SEARCH_PATHS = "$(inherited) @executable_path/Frameworks";
				PRODUCT_BUNDLE_IDENTIFIER = com.juanmjimenezs.AppStoreTest;
				PRODUCT_NAME = "$(TARGET_NAME)";
				SWIFT_VERSION = 3.0;
			};
			name = Release;
		};
/* End XCBuildConfiguration section */

/* Begin XCConfigurationList section */
		FA97A5CF1E55161700F0CA3A /* Build configuration list for PBXProject "AppStoreTest" */ = {
			isa = XCConfigurationList;
			buildConfigurations = (
				FA97A5E71E55161800F0CA3A /* Debug */,
				FA97A5E81E55161800F0CA3A /* Release */,
			);
			defaultConfigurationIsVisible = 0;
			defaultConfigurationName = Release;
		};
		FA97A5E91E55161800F0CA3A /* Build configuration list for PBXNativeTarget "AppStoreTest" */ = {
			isa = XCConfigurationList;
			buildConfigurations = (
				FA97A5EA1E55161800F0CA3A /* Debug */,
				FA97A5EB1E55161800F0CA3A /* Release */,
			);
			defaultConfigurationIsVisible = 0;
			defaultConfigurationName = Release;
		};
/* End XCConfigurationList section */

/* Begin XCVersionGroup section */
		FA97A5DE1E55161800F0CA3A /* AppStoreTest.xcdatamodeld */ = {
			isa = XCVersionGroup;
			children = (
				FA97A5DF1E55161800F0CA3A /* AppStoreTest.xcdatamodel */,
			);
			currentVersion = FA97A5DF1E55161800F0CA3A /* AppStoreTest.xcdatamodel */;
			path = AppStoreTest.xcdatamodeld;
			sourceTree = "<group>";
			versionGroupType = wrapper.xcdatamodel;
		};
/* End XCVersionGroup section */
	};
	rootObject = FA97A5CC1E55161700F0CA3A /* Project object */;
}
